{
    "_readme": [
        "This file locks the dependencies of your project to a known state",
        "Read more about it at https://getcomposer.org/doc/01-basic-usage.md#installing-dependencies",
        "This file is @generated automatically"
    ],
    "content-hash": "fe2dc019b1959222992fa9d36594585e",
    "packages": [
        {
            "name": "szepeviktor/package-path",
            "version": "dev-master",
            "source": {
                "type": "git",
                "url": "https://github.com/szepeviktor/package-path.git",
                "reference": "18f93ac05953340216f76e5fef0b9e1c664e7f70"
            },
            "dist": {
                "type": "zip",
                "url": "https://api.github.com/repos/szepeviktor/package-path/zipball/18f93ac05953340216f76e5fef0b9e1c664e7f70",
                "reference": "18f93ac05953340216f76e5fef0b9e1c664e7f70",
                "shasum": ""
            },
            "require": {
                "composer-plugin-api": "^2.0",
                "php": "^7.1 || ^8.0"
            },
            "require-dev": {
                "phpstan/phpstan": "^1.0"
            },
            "default-branch": true,
            "type": "library",
            "autoload": {
                "psr-4": {
                    "SzepeViktor\\Composer\\": "src/"
                }
            },
            "notification-url": "https://packagist.org/downloads/",
            "license": [
                "MIT"
            ],
            "description": "Get installation path of any Composer package.",
            "keywords": [
                "composer",
                "install-path",
                "package"
            ],
            "support": {
                "issues": "https://github.com/szepeviktor/package-path/issues",
                "source": "https://github.com/szepeviktor/package-path/tree/master"
            },
            "time": "2022-01-13T09:39:23+00:00"
        },
        {
            "name": "wpboilerplate/wpb-about-us",
            "version": "dev-main",
            "source": {
                "type": "git",
                "url": "https://github.com/WPBoilerplate/wpb-about-us.git",
                "reference": "6f1138791caa9470da4320ee8b21dd453b25e403"
            },
            "dist": {
                "type": "zip",
                "url": "https://api.github.com/repos/WPBoilerplate/wpb-about-us/zipball/6f1138791caa9470da4320ee8b21dd453b25e403",
                "reference": "6f1138791caa9470da4320ee8b21dd453b25e403",
                "shasum": ""
            },
            "require": {
                "wpboilerplate/wpb-plugins-info": "dev-main"
            },
            "default-branch": true,
            "type": "library",
            "autoload": {
                "files": [
                    "menu.php"
                ]
            },
            "notification-url": "https://packagist.org/downloads/",
            "license": [
                "GPL-2.0-or-later"
            ],
            "authors": [
                {
                    "name": "WPBoilerplate"
                }
            ],
            "description": "Composer to autoload the WPBoilerplate Admin Dashboard Main Menu",
            "homepage": "https://github.com/WPBoilerplate/",
            "keywords": [
                "plugin",
                "wordpress"
            ],
            "support": {
                "issues": "https://github.com/WPBoilerplate/wpb-about-us/issues",
                "source": "https://github.com/WPBoilerplate/wpb-about-us/tree/main"
            },
            "time": "2024-07-25T16:40:33+00:00"
        },
        {
            "name": "wpboilerplate/wpb-plugins-info",
            "version": "dev-main",
            "source": {
                "type": "git",
                "url": "https://github.com/WPBoilerplate/wpb-plugins-info.git",
                "reference": "e416c5524cc8ef6e94717a3a31f8f276e6410a95"
            },
            "dist": {
                "type": "zip",
                "url": "https://api.github.com/repos/WPBoilerplate/wpb-plugins-info/zipball/e416c5524cc8ef6e94717a3a31f8f276e6410a95",
                "reference": "e416c5524cc8ef6e94717a3a31f8f276e6410a95",
                "shasum": ""
            },
            "require": {
                "szepeviktor/package-path": "dev-master"
            },
            "default-branch": true,
            "type": "library",
            "autoload": {
                "files": [
                    "index.php"
                ]
            },
            "notification-url": "https://packagist.org/downloads/",
            "license": [
                "GPL-2.0-or-later"
            ],
            "authors": [
                {
                    "name": "WPBoilerplate"
                }
            ],
            "description": "Composer to autoload the AcrossWP Plugin Info Class",
            "homepage": "https://github.com/WPBoilerplate/wpb-plugins-info",
            "keywords": [
                "plugin",
                "wordpress"
            ],
            "support": {
                "issues": "https://github.com/WPBoilerplate/wpb-plugins-info/issues",
                "source": "https://github.com/WPBoilerplate/wpb-plugins-info/tree/main"
            },
            "time": "2024-07-25T16:56:28+00:00"
        }
    ],
    "packages-dev": [],
    "aliases": [],
    "minimum-stability": "dev",
    "stability-flags": {
        "wpboilerplate/wpb-about-us": 20
    },
    "prefer-stable": false,
    "prefer-lowest": false,
    "platform": [],
    "platform-dev": [],
    "plugin-api-version": "2.6.0"
}
