{
    "_readme": [
        "This file locks the dependencies of your project to a known state",
        "Read more about it at https://getcomposer.org/doc/01-basic-usage.md#installing-dependencies",
        "This file is @generated automatically"
    ],
    "content-hash": "927918b91621e81b00423cc450dc8fc3",
    "packages": [
        {
            "name": "acrosswp/acrosswp-about-us",
            "version": "dev-main",
            "source": {
                "type": "git",
                "url": "https://github.com/acrosswp/acrosswp-about-us.git",
                "reference": "876cf303d5fbfbff675b383caaecf07f23550228"
            },
            "dist": {
                "type": "zip",
                "url": "https://api.github.com/repos/acrosswp/acrosswp-about-us/zipball/876cf303d5fbfbff675b383caaecf07f23550228",
                "reference": "876cf303d5fbfbff675b383caaecf07f23550228",
                "shasum": ""
            },
            "default-branch": true,
            "type": "library",
            "autoload": {
                "files": [
                    "acrosswp-menu.php"
                ]
            },
            "notification-url": "https://packagist.org/downloads/",
            "license": [
                "GPL-2.0-or-later"
            ],
            "authors": [
                {
                    "name": "acrosswp",
                    "email": "contant@acrosswp.com"
                }
            ],
            "description": "Composer to autoload the AcrossWP Admin Dashboard Main Menu",
            "homepage": "https://acrosswp.com/",
            "keywords": [
                "plugin",
                "wordpress"
            ],
            "support": {
                "issues": "https://github.com/acrosswp/acrosswp-about-us/issues",
                "source": "https://github.com/acrosswp/acrosswp-about-us/tree/main"
            },
            "time": "2023-10-07T07:29:06+00:00"
        },
        {
            "name": "acrosswp/acrosswp-plugin-edd-licence",
            "version": "dev-main",
            "source": {
                "type": "git",
                "url": "https://github.com/acrosswp/acrosswp-plugin-edd-licence.git",
                "reference": "b731f6a20b67b09478be81cab4e6142fdc5128b9"
            },
            "dist": {
                "type": "zip",
                "url": "https://api.github.com/repos/acrosswp/acrosswp-plugin-edd-licence/zipball/b731f6a20b67b09478be81cab4e6142fdc5128b9",
                "reference": "b731f6a20b67b09478be81cab4e6142fdc5128b9",
                "shasum": ""
            },
            "default-branch": true,
            "type": "library",
            "autoload": {
                "files": [
                    "menu-license.php"
                ]
            },
            "notification-url": "https://packagist.org/downloads/",
            "license": [
                "GPL-2.0-or-later"
            ],
            "authors": [
                {
                    "name": "acrosswp",
                    "email": "contant@acrosswp.com"
                }
            ],
            "description": "Composer to autoload the AcrossWP Admin Dashboard licence Menu",
            "homepage": "https://acrosswp.com/",
            "keywords": [
                "plugin",
                "wordpress"
            ],
            "support": {
                "issues": "https://github.com/acrosswp/acrosswp-plugin-edd-licence/issues",
                "source": "https://github.com/acrosswp/acrosswp-plugin-edd-licence/tree/main"
            },
            "time": "2023-10-18T14:49:28+00:00"
        },
        {
            "name": "acrosswp/acrosswp-plugin-update-checker-github",
            "version": "dev-main",
            "source": {
                "type": "git",
                "url": "https://github.com/acrosswp/acrosswp-plugin-update-checker-github.git",
                "reference": "7ad3773e524f1eecea9ec53bf497864b71c630a8"
            },
            "dist": {
                "type": "zip",
                "url": "https://api.github.com/repos/acrosswp/acrosswp-plugin-update-checker-github/zipball/7ad3773e524f1eecea9ec53bf497864b71c630a8",
                "reference": "7ad3773e524f1eecea9ec53bf497864b71c630a8",
                "shasum": ""
            },
            "default-branch": true,
            "type": "library",
            "autoload": {
                "files": [
                    "updater.php"
                ]
            },
            "notification-url": "https://packagist.org/downloads/",
            "license": [
                "GPL-2.0-or-later"
            ],
            "authors": [
                {
                    "name": "acrosswp",
                    "email": "contant@acrosswp.com"
                }
            ],
            "description": "Composer to autoload the AcrossWP Admin Dashboard licence Menu",
            "homepage": "https://acrosswp.com/",
            "keywords": [
                "plugin",
                "wordpress"
            ],
            "support": {
                "issues": "https://github.com/acrosswp/acrosswp-plugin-update-checker-github/issues",
                "source": "https://github.com/acrosswp/acrosswp-plugin-update-checker-github/tree/main"
            },
            "time": "2023-10-18T15:11:13+00:00"
        },
        {
            "name": "alledia/edd-sl-plugin-updater",
            "version": "dev-master",
            "source": {
                "type": "git",
                "url": "https://github.com/publishpress/EDD-SL-Plugin-Updater.git",
                "reference": "38253d04ac8875a88f62a3ebdca8034473f77418"
            },
            "dist": {
                "type": "zip",
                "url": "https://api.github.com/repos/publishpress/EDD-SL-Plugin-Updater/zipball/38253d04ac8875a88f62a3ebdca8034473f77418",
                "reference": "38253d04ac8875a88f62a3ebdca8034473f77418",
                "shasum": ""
            },
            "require": {
                "ext-json": "*",
                "php": ">=5.6.20"
            },
            "default-branch": true,
            "type": "library",
            "autoload": {
                "files": [
                    "EDD_SL_Plugin_Updater.php"
                ]
            },
            "notification-url": "https://packagist.org/downloads/",
            "license": [
                "GPL-2.0-or-later"
            ],
            "authors": [
                {
                    "name": "EasyDigitalDownloads",
                    "email": "contact@easydigitaldownloads.com"
                },
                {
                    "name": "PublishPress",
                    "email": "help@publishpress.com"
                },
                {
                    "name": "Alledia",
                    "email": "help@alledia.com"
                }
            ],
            "description": "EDD Updates Handler for WordPress Plugins",
            "keywords": [
                "edd",
                "updates",
                "wordpress"
            ],
            "support": {
                "issues": "https://github.com/publishpress/EDD-SL-Plugin-Updater/issues",
                "source": "https://github.com/publishpress/EDD-SL-Plugin-Updater/tree/v1.6.23"
            },
            "time": "2023-08-30T19:32:16+00:00"
        },
        {
            "name": "yahnis-elsts/plugin-update-checker",
            "version": "dev-master",
            "source": {
                "type": "git",
                "url": "https://github.com/YahnisElsts/plugin-update-checker.git",
                "reference": "0f7296123e9ddf303d6da5f968e04ba7899fa88d"
            },
            "dist": {
                "type": "zip",
                "url": "https://api.github.com/repos/YahnisElsts/plugin-update-checker/zipball/0f7296123e9ddf303d6da5f968e04ba7899fa88d",
                "reference": "0f7296123e9ddf303d6da5f968e04ba7899fa88d",
                "shasum": ""
            },
            "require": {
                "ext-json": "*",
                "php": ">=5.6.20"
            },
            "default-branch": true,
            "type": "library",
            "autoload": {
                "files": [
                    "load-v5p2.php"
                ]
            },
            "notification-url": "https://packagist.org/downloads/",
            "license": [
                "MIT"
            ],
            "authors": [
                {
                    "name": "Yahnis Elsts",
                    "email": "whiteshadow@w-shadow.com",
                    "homepage": "https://w-shadow.com/",
                    "role": "Developer"
                }
            ],
            "description": "A custom update checker for WordPress plugins and themes. Useful if you can't host your plugin in the official WP repository but still want it to support automatic updates.",
            "homepage": "https://github.com/YahnisElsts/plugin-update-checker/",
            "keywords": [
                "automatic updates",
                "plugin updates",
                "theme updates",
                "wordpress"
            ],
            "support": {
                "issues": "https://github.com/YahnisElsts/plugin-update-checker/issues",
                "source": "https://github.com/YahnisElsts/plugin-update-checker/tree/master"
            },
            "time": "2023-08-23T17:26:40+00:00"
        }
    ],
    "packages-dev": [],
    "aliases": [],
    "minimum-stability": "stable",
    "stability-flags": {
        "acrosswp/acrosswp-about-us": 20,
        "alledia/edd-sl-plugin-updater": 20,
        "acrosswp/acrosswp-plugin-edd-licence": 20,
        "yahnis-elsts/plugin-update-checker": 20,
        "acrosswp/acrosswp-plugin-update-checker-github": 20
    },
    "prefer-stable": false,
    "prefer-lowest": false,
    "platform": [],
    "platform-dev": [],
    "plugin-api-version": "2.3.0"
}
